// !$*UTF8*$!
{
	archiveVersion = 1;
	classes = {
	};
	objectVersion = 77;
	objects = {

/* Begin PBXContainerItemProxy section */
		BDB08B722EAEF29600BA8410 /* PBXContainerItemProxy */ = {
			isa = PBXContainerItemProxy;
			containerPortal = BDB08B5C2EAEF29500BA8410 /* Project object */;
			proxyType = 1;
			remoteGlobalIDString = BDB08B632EAEF29500BA8410;
			remoteInfo = coffeeJournal;
		};
		BDB08B7C2EAEF29600BA8410 /* PBXContainerItemProxy */ = {
			isa = PBXContainerItemProxy;
			containerPortal = BDB08B5C2EAEF29500BA8410 /* Project object */;
			proxyType = 1;
			remoteGlobalIDString = BDB08B632EAEF29500BA8410;
			remoteInfo = coffeeJournal;
		};
/* End PBXContainerItemProxy section */

/* Begin PBXFileReference section */
		BDB08B642EAEF29500BA8410 /* coffeeJournal.app */ = {isa = PBXFileReference; explicitFileType = wrapper.application; includeInIndex = 0; path = coffeeJournal.app; sourceTree = BUILT_PRODUCTS_DIR; };
		BDB08B712EAEF29600BA8410 /* coffeeJournalTests.xctest */ = {isa = PBXFileReference; explicitFileType = wrapper.cfbundle; includeInIndex = 0; path = coffeeJournalTests.xctest; sourceTree = BUILT_PRODUCTS_DIR; };
		BDB08B7B2EAEF29600BA8410 /* coffeeJournalUITests.xctest */ = {isa = PBXFileReference; explicitFileType = wrapper.cfbundle; includeInIndex = 0; path = coffeeJournalUITests.xctest; sourceTree = BUILT_PRODUCTS_DIR; };
/* End PBXFileReference section */

/* Begin PBXFileSystemSynchronizedRootGroup section */
		BDB08B662EAEF29500BA8410 /* coffeeJournal */ = {
			isa = PBXFileSystemSynchronizedRootGroup;
			path = coffeeJournal;
			sourceTree = "<group>";
		};
		BDB08B742EAEF29600BA8410 /* coffeeJournalTests */ = {
			isa = PBXFileSystemSynchronizedRootGroup;
			path = coffeeJournalTests;
			sourceTree = "<group>";
		};
		BDB08B7E2EAEF29600BA8410 /* coffeeJournalUITests */ = {
			isa = PBXFileSystemSynchronizedRootGroup;
			path = coffeeJournalUITests;
			sourceTree = "<group>";
		};
/* End PBXFileSystemSynchronizedRootGroup section */

/* Begin PBXFrameworksBuildPhase section */
		BDB08B612EAEF29500BA8410 /* Frameworks */ = {
			isa = PBXFrameworksBuildPhase;
			buildActionMask = 2147483647;
			files = (
			);
			runOnlyForDeploymentPostprocessing = 0;
		};
		BDB08B6E2EAEF29600BA8410 /* Frameworks */ = {
			isa = PBXFrameworksBuildPhase;
			buildActionMask = 2147483647;
			files = (
			);
			runOnlyForDeploymentPostprocessing = 0;
		};
		BDB08B782EAEF29600BA8410 /* Frameworks */ = {
			isa = PBXFrameworksBuildPhase;
			buildActionMask = 2147483647;
			files = (
			);
			runOnlyForDeploymentPostprocessing = 0;
		};
/* End PBXFrameworksBuildPhase section */

/* Begin PBXGroup section */
		BDB08B5B2EAEF29500BA8410 = {
			isa = PBXGroup;
			children = (
				BDB08B662EAEF29500BA8410 /* coffeeJournal */,
				BDB08B742EAEF29600BA8410 /* coffeeJournalTests */,
				BDB08B7E2EAEF29600BA8410 /* coffeeJournalUITests */,
				BDB08B652EAEF29500BA8410 /* Products */,
			);
			sourceTree = "<group>";
		};
		BDB08B652EAEF29500BA8410 /* Products */ = {
			isa = PBXGroup;
			children = (
				BDB08B642EAEF29500BA8410 /* coffeeJournal.app */,
				BDB08B712EAEF29600BA8410 /* coffeeJournalTests.xctest */,
				BDB08B7B2EAEF29600BA8410 /* coffeeJournalUITests.xctest */,
			);
			name = Products;
			sourceTree = "<group>";
		};
/* End PBXGroup section */

/* Begin PBXNativeTarget section */
		BDB08B632EAEF29500BA8410 /* coffeeJournal */ = {
			isa = PBXNativeTarget;
			buildConfigurationList = BDB08B852EAEF29600BA8410 /* Build configuration list for PBXNativeTarget "coffeeJournal" */;
			buildPhases = (
				BDB08B602EAEF29500BA8410 /* Sources */,
				BDB08B612EAEF29500BA8410 /* Frameworks */,
				BDB08B622EAEF29500BA8410 /* Resources */,
			);
			buildRules = (
			);
			dependencies = (
			);
			fileSystemSynchronizedGroups = (
				BDB08B662EAEF29500BA8410 /* coffeeJournal */,
			);
			name = coffeeJournal;
			packageProductDependencies = (
			);
			productName = coffeeJournal;
			productReference = BDB08B642EAEF29500BA8410 /* coffeeJournal.app */;
			productType = "com.apple.product-type.application";
		};
		BDB08B702EAEF29600BA8410 /* coffeeJournalTests */ = {
			isa = PBXNativeTarget;
			buildConfigurationList = BDB08B882EAEF29600BA8410 /* Build configuration list for PBXNativeTarget "coffeeJournalTests" */;
			buildPhases = (
				BDB08B6D2EAEF29600BA8410 /* Sources */,
				BDB08B6E2EAEF29600BA8410 /* Frameworks */,
				BDB08B6F2EAEF29600BA8410 /* Resources */,
			);
			buildRules = (
			);
			dependencies = (
				BDB08B732EAEF29600BA8410 /* PBXTargetDependency */,
			);
			fileSystemSynchronizedGroups = (
				BDB08B742EAEF29600BA8410 /* coffeeJournalTests */,
			);
			name = coffeeJournalTests;
			packageProductDependencies = (
			);
			productName = coffeeJournalTests;
			productReference = BDB08B712EAEF29600BA8410 /* coffeeJournalTests.xctest */;
			productType = "com.apple.product-type.bundle.unit-test";
		};
		BDB08B7A2EAEF29600BA8410 /* coffeeJournalUITests */ = {
			isa = PBXNativeTarget;
			buildConfigurationList = BDB08B8B2EAEF29600BA8410 /* Build configuration list for PBXNativeTarget "coffeeJournalUITests" */;
			buildPhases = (
				BDB08B772EAEF29600BA8410 /* Sources */,
				BDB08B782EAEF29600BA8410 /* Frameworks */,
				BDB08B792EAEF29600BA8410 /* Resources */,
			);
			buildRules = (
			);
			dependencies = (
				BDB08B7D2EAEF29600BA8410 /* PBXTargetDependency */,
			);
			fileSystemSynchronizedGroups = (
				BDB08B7E2EAEF29600BA8410 /* coffeeJournalUITests */,
			);
			name = coffeeJournalUITests;
			packageProductDependencies = (
			);
			productName = coffeeJournalUITests;
			productReference = BDB08B7B2EAEF29600BA8410 /* coffeeJournalUITests.xctest */;
			productType = "com.apple.product-type.bundle.ui-testing";
		};
/* End PBXNativeTarget section */

/* Begin PBXProject section */
		BDB08B5C2EAEF29500BA8410 /* Project object */ = {
			isa = PBXProject;
			attributes = {
				BuildIndependentTargetsInParallel = 1;
				LastSwiftUpdateCheck = 1640;
				LastUpgradeCheck = 1640;
				TargetAttributes = {
					BDB08B632EAEF29500BA8410 = {
						CreatedOnToolsVersion = 16.4;
					};
					BDB08B702EAEF29600BA8410 = {
						CreatedOnToolsVersion = 16.4;
						TestTargetID = BDB08B632EAEF29500BA8410;
					};
					BDB08B7A2EAEF29600BA8410 = {
						CreatedOnToolsVersion = 16.4;
						TestTargetID = BDB08B632EAEF29500BA8410;
					};
				};
			};
			buildConfigurationList = BDB08B5F2EAEF29500BA8410 /* Build configuration list for PBXProject "coffeeJournal" */;
			developmentRegion = en;
			hasScannedForEncodings = 0;
			knownRegions = (
				en,
				Base,
			);
			mainGroup = BDB08B5B2EAEF29500BA8410;
			minimizedProjectReferenceProxies = 1;
			preferredProjectObjectVersion = 77;
			productRefGroup = BDB08B652EAEF29500BA8410 /* Products */;
			projectDirPath = "";
			projectRoot = "";
			targets = (
				BDB08B632EAEF29500BA8410 /* coffeeJournal */,
				BDB08B702EAEF29600BA8410 /* coffeeJournalTests */,
				BDB08B7A2EAEF29600BA8410 /* coffeeJournalUITests */,
			);
		};
/* End PBXProject section */

/* Begin PBXResourcesBuildPhase section */
		BDB08B622EAEF29500BA8410 /* Resources */ = {
			isa = PBXResourcesBuildPhase;
			buildActionMask = 2147483647;
			files = (
			);
			runOnlyForDeploymentPostprocessing = 0;
		};
		BDB08B6F2EAEF29600BA8410 /* Resources */ = {
			isa = PBXResourcesBuildPhase;
			buildActionMask = 2147483647;
			files = (
			);
			runOnlyForDeploymentPostprocessing = 0;
		};
		BDB08B792EAEF29600BA8410 /* Resources */ = {
			isa = PBXResourcesBuildPhase;
			buildActionMask = 2147483647;
			files = (
			);
			runOnlyForDeploymentPostprocessing = 0;
		};
/* End PBXResourcesBuildPhase section */

/* Begin PBXSourcesBuildPhase section */
		BDB08B602EAEF29500BA8410 /* Sources */ = {
			isa = PBXSourcesBuildPhase;
			buildActionMask = 2147483647;
			files = (
			);
			runOnlyForDeploymentPostprocessing = 0;
		};
		BDB08B6D2EAEF29600BA8410 /* Sources */ = {
			isa = PBXSourcesBuildPhase;
			buildActionMask = 2147483647;
			files = (
			);
			runOnlyForDeploymentPostprocessing = 0;
		};
		BDB08B772EAEF29600BA8410 /* Sources */ = {
			isa = PBXSourcesBuildPhase;
			buildActionMask = 2147483647;
			files = (
			);
			runOnlyForDeploymentPostprocessing = 0;
		};
/* End PBXSourcesBuildPhase section */

/* Begin PBXTargetDependency section */
		BDB08B732EAEF29600BA8410 /* PBXTargetDependency */ = {
			isa = PBXTargetDependency;
			target = BDB08B632EAEF29500BA8410 /* coffeeJournal */;
			targetProxy = BDB08B722EAEF29600BA8410 /* PBXContainerItemProxy */;
		};
		BDB08B7D2EAEF29600BA8410 /* PBXTargetDependency */ = {
			isa = PBXTargetDependency;
			target = BDB08B632EAEF29500BA8410 /* coffeeJournal */;
			targetProxy = BDB08B7C2EAEF29600BA8410 /* PBXContainerItemProxy */;
		};
/* End PBXTargetDependency section */

/* Begin XCBuildConfiguration section */
		BDB08B832EAEF29600BA8410 /* Debug */ = {
			isa = XCBuildConfiguration;
			buildSettings = {
				ALWAYS_SEARCH_USER_PATHS = NO;
				ASSETCATALOG_COMPILER_GENERATE_SWIFT_ASSET_SYMBOL_EXTENSIONS = YES;
				CLANG_ANALYZER_NONNULL = YES;
				CLANG_ANALYZER_NUMBER_OBJECT_CONVERSION = YES_AGGRESSIVE;
				CLANG_CXX_LANGUAGE_STANDARD = "gnu++20";
				CLANG_ENABLE_MODULES = YES;
				CLANG_ENABLE_OBJC_ARC = YES;
				CLANG_ENABLE_OBJC_WEAK = YES;
				CLANG_WARN_BLOCK_CAPTURE_AUTORELEASING = YES;
				CLANG_WARN_BOOL_CONVERSION = YES;
				CLANG_WARN_COMMA = YES;
				CLANG_WARN_CONSTANT_CONVERSION = YES;
				CLANG_WARN_DEPRECATED_OBJC_IMPLEMENTATIONS = YES;
				CLANG_WARN_DIRECT_OBJC_ISA_USAGE = YES_ERROR;
				CLANG_WARN_DOCUMENTATION_COMMENTS = YES;
				CLANG_WARN_EMPTY_BODY = YES;
				CLANG_WARN_ENUM_CONVERSION = YES;
				CLANG_WARN_INFINITE_RECURSION = YES;
				CLANG_WARN_INT_CONVERSION = YES;
				CLANG_WARN_NON_LITERAL_NULL_CONVERSION = YES;
				CLANG_WARN_OBJC_IMPLICIT_RETAIN_SELF = YES;
				CLANG_WARN_OBJC_LITERAL_CONVERSION = YES;
				CLANG_WARN_OBJC_ROOT_CLASS = YES_ERROR;
				CLANG_WARN_QUOTED_INCLUDE_IN_FRAMEWORK_HEADER = YES;
				CLANG_WARN_RANGE_LOOP_ANALYSIS = YES;
				CLANG_WARN_STRICT_PROTOTYPES = YES;
				CLANG_WARN_SUSPICIOUS_MOVE = YES;
				CLANG_WARN_UNGUARDED_AVAILABILITY = YES_AGGRESSIVE;
				CLANG_WARN_UNREACHABLE_CODE = YES;
				CLANG_WARN__DUPLICATE_METHOD_MATCH = YES;
				COPY_PHASE_STRIP = NO;
				DEBUG_INFORMATION_FORMAT = dwarf;
				DEVELOPMENT_TEAM = MW25D9KU2A;
				ENABLE_STRICT_OBJC_MSGSEND = YES;
				ENABLE_TESTABILITY = YES;
				ENABLE_USER_SCRIPT_SANDBOXING = YES;
				GCC_C_LANGUAGE_STANDARD = gnu17;
				GCC_DYNAMIC_NO_PIC = NO;
				GCC_NO_COMMON_BLOCKS = YES;
				GCC_OPTIMIZATION_LEVEL = 0;
				GCC_PREPROCESSOR_DEFINITIONS = (
					"DEBUG=1",
					"$(inherited)",
				);
				GCC_WARN_64_TO_32_BIT_CONVERSION = YES;
				GCC_WARN_ABOUT_RETURN_TYPE = YES_ERROR;
				GCC_WARN_UNDECLARED_SELECTOR = YES;
				GCC_WARN_UNINITIALIZED_AUTOS = YES_AGGRESSIVE;
				GCC_WARN_UNUSED_FUNCTION = YES;
				GCC_WARN_UNUSED_VARIABLE = YES;
				IPHONEOS_DEPLOYMENT_TARGET = 18.5;
				LOCALIZATION_PREFERS_STRING_CATALOGS = YES;
				MTL_ENABLE_DEBUG_INFO = INCLUDE_SOURCE;
				MTL_FAST_MATH = YES;
				ONLY_ACTIVE_ARCH = YES;
				SDKROOT = iphoneos;
				SWIFT_ACTIVE_COMPILATION_CONDITIONS = "DEBUG $(inherited)";
				SWIFT_OPTIMIZATION_LEVEL = "-Onone";
			};
			name = Debug;
		};
		BDB08B842EAEF29600BA8410 /* Release */ = {
			isa = XCBuildConfiguration;
			buildSettings = {
				ALWAYS_SEARCH_USER_PATHS = NO;
				ASSETCATALOG_COMPILER_GENERATE_SWIFT_ASSET_SYMBOL_EXTENSIONS = YES;
				CLANG_ANALYZER_NONNULL = YES;
				CLANG_ANALYZER_NUMBER_OBJECT_CONVERSION = YES_AGGRESSIVE;
				CLANG_CXX_LANGUAGE_STANDARD = "gnu++20";
				CLANG_ENABLE_MODULES = YES;
				CLANG_ENABLE_OBJC_ARC = YES;
				CLANG_ENABLE_OBJC_WEAK = YES;
				CLANG_WARN_BLOCK_CAPTURE_AUTORELEASING = YES;
				CLANG_WARN_BOOL_CONVERSION = YES;
				CLANG_WARN_COMMA = YES;
				CLANG_WARN_CONSTANT_CONVERSION = YES;
				CLANG_WARN_DEPRECATED_OBJC_IMPLEMENTATIONS = YES;
				CLANG_WARN_DIRECT_OBJC_ISA_USAGE = YES_ERROR;
				CLANG_WARN_DOCUMENTATION_COMMENTS = YES;
				CLANG_WARN_EMPTY_BODY = YES;
				CLANG_WARN_ENUM_CONVERSION = YES;
				CLANG_WARN_INFINITE_RECURSION = YES;
				CLANG_WARN_INT_CONVERSION = YES;
				CLANG_WARN_NON_LITERAL_NULL_CONVERSION = YES;
				CLANG_WARN_OBJC_IMPLICIT_RETAIN_SELF = YES;
				CLANG_WARN_OBJC_LITERAL_CONVERSION = YES;
				CLANG_WARN_OBJC_ROOT_CLASS = YES_ERROR;
				CLANG_WARN_QUOTED_INCLUDE_IN_FRAMEWORK_HEADER = YES;
				CLANG_WARN_RANGE_LOOP_ANALYSIS = YES;
				CLANG_WARN_STRICT_PROTOTYPES = YES;
				CLANG_WARN_SUSPICIOUS_MOVE = YES;
				CLANG_WARN_UNGUARDED_AVAILABILITY = YES_AGGRESSIVE;
				CLANG_WARN_UNREACHABLE_CODE = YES;
				CLANG_WARN__DUPLICATE_METHOD_MATCH = YES;
				COPY_PHASE_STRIP = NO;
				DEBUG_INFORMATION_FORMAT = "dwarf-with-dsym";
				DEVELOPMENT_TEAM = MW25D9KU2A;
				ENABLE_NS_ASSERTIONS = NO;
				ENABLE_STRICT_OBJC_MSGSEND = YES;
				ENABLE_USER_SCRIPT_SANDBOXING = YES;
				GCC_C_LANGUAGE_STANDARD = gnu17;
				GCC_NO_COMMON_BLOCKS = YES;
				GCC_WARN_64_TO_32_BIT_CONVERSION = YES;
				GCC_WARN_ABOUT_RETURN_TYPE = YES_ERROR;
				GCC_WARN_UNDECLARED_SELECTOR = YES;
				GCC_WARN_UNINITIALIZED_AUTOS = YES_AGGRESSIVE;
				GCC_WARN_UNUSED_FUNCTION = YES;
				GCC_WARN_UNUSED_VARIABLE = YES;
				IPHONEOS_DEPLOYMENT_TARGET = 18.5;
				LOCALIZATION_PREFERS_STRING_CATALOGS = YES;
				MTL_ENABLE_DEBUG_INFO = NO;
				MTL_FAST_MATH = YES;
				SDKROOT = iphoneos;
				SWIFT_COMPILATION_MODE = wholemodule;
				VALIDATE_PRODUCT = YES;
			};
			name = Release;
		};
		BDB08B862EAEF29600BA8410 /* Debug */ = {
			isa = XCBuildConfiguration;
			buildSettings = {
				ASSETCATALOG_COMPILER_APPICON_NAME = AppIcon;
				ASSETCATALOG_COMPILER_GLOBAL_ACCENT_COLOR_NAME = AccentColor;
				CODE_SIGN_STYLE = Automatic;
				CURRENT_PROJECT_VERSION = 1;
				DEVELOPMENT_TEAM = MW25D9KU2A;
				ENABLE_PREVIEWS = YES;
				GENERATE_INFOPLIST_FILE = YES;
				INFOPLIST_KEY_UIApplicationSceneManifest_Generation = YES;
				INFOPLIST_KEY_UIApplicationSupportsIndirectInputEvents = YES;
				INFOPLIST_KEY_UILaunchScreen_Generation = YES;
				INFOPLIST_KEY_UISupportedInterfaceOrientations_iPad = "UIInterfaceOrientationPortrait UIInterfaceOrientationPortraitUpsideDown UIInterfaceOrientationLandscapeLeft UIInterfaceOrientationLandscapeRight";
				INFOPLIST_KEY_UISupportedInterfaceOrientations_iPhone = "UIInterfaceOrientationPortrait UIInterfaceOrientationLandscapeLeft UIInterfaceOrientationLandscapeRight";
				LD_RUNPATH_SEARCH_PATHS = (
					"$(inherited)",
					"@executable_path/Frameworks",
				);
				MARKETING_VERSION = 1.0;
				PRODUCT_BUNDLE_IDENTIFIER = Brans.app.coffeeJournal;
				PRODUCT_NAME = "$(TARGET_NAME)";
				SWIFT_EMIT_LOC_STRINGS = YES;
				SWIFT_VERSION = 5.0;
				TARGETED_DEVICE_FAMILY = "1,2";
			};
			name = Debug;
		};
		BDB08B872EAEF29600BA8410 /* Release */ = {
			isa = XCBuildConfiguration;
			buildSettings = {
				ASSETCATALOG_COMPILER_APPICON_NAME = AppIcon;
				ASSETCATALOG_COMPILER_GLOBAL_ACCENT_COLOR_NAME = AccentColor;
				CODE_SIGN_STYLE = Automatic;
				CURRENT_PROJECT_VERSION = 1;
				DEVELOPMENT_TEAM = MW25D9KU2A;
				ENABLE_PREVIEWS = YES;
				GENERATE_INFOPLIST_FILE = YES;
				INFOPLIST_KEY_UIApplicationSceneManifest_Generation = YES;
				INFOPLIST_KEY_UIApplicationSupportsIndirectInputEvents = YES;
				INFOPLIST_KEY_UILaunchScreen_Generation = YES;
				INFOPLIST_KEY_UISupportedInterfaceOrientations_iPad = "UIInterfaceOrientationPortrait UIInterfaceOrientationPortraitUpsideDown UIInterfaceOrientationLandscapeLeft UIInterfaceOrientationLandscapeRight";
				INFOPLIST_KEY_UISupportedInterfaceOrientations_iPhone = "UIInterfaceOrientationPortrait UIInterfaceOrientationLandscapeLeft UIInterfaceOrientationLandscapeRight";
				LD_RUNPATH_SEARCH_PATHS = (
					"$(inherited)",
					"@executable_path/Frameworks",
				);
				MARKETING_VERSION = 1.0;
				PRODUCT_BUNDLE_IDENTIFIER = Brans.app.coffeeJournal;
				PRODUCT_NAME = "$(TARGET_NAME)";
				SWIFT_EMIT_LOC_STRINGS = YES;
				SWIFT_VERSION = 5.0;
				TARGETED_DEVICE_FAMILY = "1,2";
			};
			name = Release;
		};
		BDB08B892EAEF29600BA8410 /* Debug */ = {
			isa = XCBuildConfiguration;
			buildSettings = {
				BUNDLE_LOADER = "$(TEST_HOST)";
				CODE_SIGN_STYLE = Automatic;
				CURRENT_PROJECT_VERSION = 1;
				DEVELOPMENT_TEAM = MW25D9KU2A;
				GENERATE_INFOPLIST_FILE = YES;
				IPHONEOS_DEPLOYMENT_TARGET = 18.5;
				MARKETING_VERSION = 1.0;
				PRODUCT_BUNDLE_IDENTIFIER = Brans.app.coffeeJournalTests;
				PRODUCT_NAME = "$(TARGET_NAME)";
				SWIFT_EMIT_LOC_STRINGS = NO;
				SWIFT_VERSION = 5.0;
				TARGETED_DEVICE_FAMILY = "1,2";
				TEST_HOST = "$(BUILT_PRODUCTS_DIR)/coffeeJournal.app/$(BUNDLE_EXECUTABLE_FOLDER_PATH)/coffeeJournal";
			};
			name = Debug;
		};
		BDB08B8A2EAEF29600BA8410 /* Release */ = {
			isa = XCBuildConfiguration;
			buildSettings = {
				BUNDLE_LOADER = "$(TEST_HOST)";
				CODE_SIGN_STYLE = Automatic;
				CURRENT_PROJECT_VERSION = 1;
				DEVELOPMENT_TEAM = MW25D9KU2A;
				GENERATE_INFOPLIST_FILE = YES;
				IPHONEOS_DEPLOYMENT_TARGET = 18.5;
				MARKETING_VERSION = 1.0;
				PRODUCT_BUNDLE_IDENTIFIER = Brans.app.coffeeJournalTests;
				PRODUCT_NAME = "$(TARGET_NAME)";
				SWIFT_EMIT_LOC_STRINGS = NO;
				SWIFT_VERSION = 5.0;
				TARGETED_DEVICE_FAMILY = "1,2";
				TEST_HOST = "$(BUILT_PRODUCTS_DIR)/coffeeJournal.app/$(BUNDLE_EXECUTABLE_FOLDER_PATH)/coffeeJournal";
			};
			name = Release;
		};
		BDB08B8C2EAEF29600BA8410 /* Debug */ = {
			isa = XCBuildConfiguration;
			buildSettings = {
				CODE_SIGN_STYLE = Automatic;
				CURRENT_PROJECT_VERSION = 1;
				DEVELOPMENT_TEAM = MW25D9KU2A;
				GENERATE_INFOPLIST_FILE = YES;
				MARKETING_VERSION = 1.0;
				PRODUCT_BUNDLE_IDENTIFIER = Brans.app.coffeeJournalUITests;
				PRODUCT_NAME = "$(TARGET_NAME)";
				SWIFT_EMIT_LOC_STRINGS = NO;
				SWIFT_VERSION = 5.0;
				TARGETED_DEVICE_FAMILY = "1,2";
				TEST_TARGET_NAME = coffeeJournal;
			};
			name = Debug;
		};
		BDB08B8D2EAEF29600BA8410 /* Release */ = {
			isa = XCBuildConfiguration;
			buildSettings = {
				CODE_SIGN_STYLE = Automatic;
				CURRENT_PROJECT_VERSION = 1;
				DEVELOPMENT_TEAM = MW25D9KU2A;
				GENERATE_INFOPLIST_FILE = YES;
				MARKETING_VERSION = 1.0;
				PRODUCT_BUNDLE_IDENTIFIER = Brans.app.coffeeJournalUITests;
				PRODUCT_NAME = "$(TARGET_NAME)";
				SWIFT_EMIT_LOC_STRINGS = NO;
				SWIFT_VERSION = 5.0;
				TARGETED_DEVICE_FAMILY = "1,2";
				TEST_TARGET_NAME = coffeeJournal;
			};
			name = Release;
		};
/* End XCBuildConfiguration section */

/* Begin XCConfigurationList section */
		BDB08B5F2EAEF29500BA8410 /* Build configuration list for PBXProject "coffeeJournal" */ = {
			isa = XCConfigurationList;
			buildConfigurations = (
				BDB08B832EAEF29600BA8410 /* Debug */,
				BDB08B842EAEF29600BA8410 /* Release */,
			);
			defaultConfigurationIsVisible = 0;
			defaultConfigurationName = Release;
		};
		BDB08B852EAEF29600BA8410 /* Build configuration list for PBXNativeTarget "coffeeJournal" */ = {
			isa = XCConfigurationList;
			buildConfigurations = (
				BDB08B862EAEF29600BA8410 /* Debug */,
				BDB08B872EAEF29600BA8410 /* Release */,
			);
			defaultConfigurationIsVisible = 0;
			defaultConfigurationName = Release;
		};
		BDB08B882EAEF29600BA8410 /* Build configuration list for PBXNativeTarget "coffeeJournalTests" */ = {
			isa = XCConfigurationList;
			buildConfigurations = (
				BDB08B892EAEF29600BA8410 /* Debug */,
				BDB08B8A2EAEF29600BA8410 /* Release */,
			);
			defaultConfigurationIsVisible = 0;
			defaultConfigurationName = Release;
		};
		BDB08B8B2EAEF29600BA8410 /* Build configuration list for PBXNativeTarget "coffeeJournalUITests" */ = {
			isa = XCConfigurationList;
			buildConfigurations = (
				BDB08B8C2EAEF29600BA8410 /* Debug */,
				BDB08B8D2EAEF29600BA8410 /* Release */,
			);
			defaultConfigurationIsVisible = 0;
			defaultConfigurationName = Release;
		};
/* End XCConfigurationList section */
	};
	rootObject = BDB08B5C2EAEF29500BA8410 /* Project object */;
}
